
Microsoft Visual Studio Solution File, Format Version 12.00
# Visual Studio Version 16
VisualStudioVersion = 16.0.30717.126
MinimumVisualStudioVersion = 10.0.40219.1
Project("{FAE04EC0-301F-11D3-BF4B-00C04F79EFBC}") = "ConsoleApp1", "ConsoleApp1\ConsoleApp1.csproj", "{E565B357-B8C1-4530-ABCE-7649EF91DEC4}"
EndProject
Global
	GlobalSection(SolutionConfigurationPlatforms) = preSolution
		Debug|Any CPU = Debug|Any CPU
		Release|Any CPU = Release|Any CPU
	EndGlobalSection
	GlobalSection(ProjectConfigurationPlatforms) = postSolution
		{E565B357-B8C1-4530-ABCE-7649EF91DEC4}.Debug|Any CPU.ActiveCfg = Debug|Any CPU
		{E565B357-B8C1-4530-ABCE-7649EF91DEC4}.Debug|Any CPU.Build.0 = Debug|Any CPU
		{E565B357-B8C1-4530-ABCE-7649EF91DEC4}.Release|Any CPU.ActiveCfg = Release|Any CPU
		{E565B357-B8C1-4530-ABCE-7649EF91DEC4}.Release|Any CPU.Build.0 = Release|Any CPU
	EndGlobalSection
	GlobalSection(SolutionProperties) = preSolution
		HideSolutionNode = FALSE
	EndGlobalSection
	GlobalSection(ExtensibilityGlobals) = postSolution
		SolutionGuid = {368C4944-D43D-4E9B-A29B-FB7F15264B44}
	EndGlobalSection
EndGlobal
